# THIS IS AN AUTOGENERATED FILE. DO NOT EDIT THIS FILE DIRECTLY.
# yarn lockfile v1


pyright@^1.1.156:
  version "1.1.156"
  resolved "https://registry.yarnpkg.com/pyright/-/pyright-1.1.156.tgz#a3cb2a932369cdcc270ee27ba8fbecbc5eb74a56"
  integrity sha512-TIe7mK/BUTmdTBpmEYYT5XuRp8qwaFUxF2782HTTTe3hT2UU8UUN0wtIqwHpgFJZksIbahx4UeJyTaOi4ssq6A==
